
Microsoft Visual Studio Solution File, Format Version 12.00
# Visual Studio Version 17
VisualStudioVersion = 17.0.31903.59
MinimumVisualStudioVersion = 10.0.40219.1
Project("{9A19103F-16F7-4668-BE54-9A1E7A4F7556}") = "SharpGit2", "SharpGit2\SharpGit2.csproj", "{4062C17B-548D-4AB6-85CA-2C7231E65D08}"
EndProject
Project("{FAE04EC0-301F-11D3-BF4B-00C04F79EFBC}") = "SharpGit2.Tests", "SharpGit2.Tests\SharpGit2.Tests.csproj", "{FD211EC4-3707-4036-87BC-4CA08EC19F07}"
EndProject
Project("{2150E333-8FDC-42A3-9474-1A3956D46DE8}") = "Solution Items", "Solution Items", "{D7298E1D-9E17-4286-8748-83A38274488C}"
	ProjectSection(SolutionItems) = preProject
		.editorconfig = .editorconfig
	EndProjectSection
EndProject
Project("{FAE04EC0-301F-11D3-BF4B-00C04F79EFBC}") = "SharpGit2.Managed", "SharpGit2.Managed\SharpGit2.Managed.csproj", "{FF68C579-DE10-4AE3-B059-00F8294516B2}"
EndProject
Project("{FAE04EC0-301F-11D3-BF4B-00C04F79EFBC}") = "SharpGit2.Managed.Tests", "SharpGit2.Managed.Tests\SharpGit2.Managed.Tests.csproj", "{640EF4D3-5228-4A3D-9C15-3DEB94C5184F}"
EndProject
Project("{FAE04EC0-301F-11D3-BF4B-00C04F79EFBC}") = "SharpGit2Benchmarks", "SharpGit2Benchmarks\SharpGit2Benchmarks.csproj", "{1D3FC712-DFA4-4B8B-B22F-D45BF055683F}"
EndProject
Global
	GlobalSection(SolutionConfigurationPlatforms) = preSolution
		Debug|Any CPU = Debug|Any CPU
		Release|Any CPU = Release|Any CPU
		SHA256 GitObjectIDs Debug|Any CPU = SHA256 GitObjectIDs Debug|Any CPU
		SHA256 GitObjectIDs Release|Any CPU = SHA256 GitObjectIDs Release|Any CPU
	EndGlobalSection
	GlobalSection(ProjectConfigurationPlatforms) = postSolution
		{4062C17B-548D-4AB6-85CA-2C7231E65D08}.Debug|Any CPU.ActiveCfg = Debug|Any CPU
		{4062C17B-548D-4AB6-85CA-2C7231E65D08}.Debug|Any CPU.Build.0 = Debug|Any CPU
		{4062C17B-548D-4AB6-85CA-2C7231E65D08}.Release|Any CPU.ActiveCfg = Release|Any CPU
		{4062C17B-548D-4AB6-85CA-2C7231E65D08}.Release|Any CPU.Build.0 = Release|Any CPU
		{4062C17B-548D-4AB6-85CA-2C7231E65D08}.SHA256 GitObjectIDs Debug|Any CPU.ActiveCfg = SHA256 GitObjectIDs Debug|Any CPU
		{4062C17B-548D-4AB6-85CA-2C7231E65D08}.SHA256 GitObjectIDs Debug|Any CPU.Build.0 = SHA256 GitObjectIDs Debug|Any CPU
		{4062C17B-548D-4AB6-85CA-2C7231E65D08}.SHA256 GitObjectIDs Release|Any CPU.ActiveCfg = SHA256 GitObjectIDs Release|Any CPU
		{4062C17B-548D-4AB6-85CA-2C7231E65D08}.SHA256 GitObjectIDs Release|Any CPU.Build.0 = SHA256 GitObjectIDs Release|Any CPU
		{FD211EC4-3707-4036-87BC-4CA08EC19F07}.Debug|Any CPU.ActiveCfg = Debug|Any CPU
		{FD211EC4-3707-4036-87BC-4CA08EC19F07}.Debug|Any CPU.Build.0 = Debug|Any CPU
		{FD211EC4-3707-4036-87BC-4CA08EC19F07}.Release|Any CPU.ActiveCfg = Release|Any CPU
		{FD211EC4-3707-4036-87BC-4CA08EC19F07}.Release|Any CPU.Build.0 = Release|Any CPU
		{FD211EC4-3707-4036-87BC-4CA08EC19F07}.SHA256 GitObjectIDs Debug|Any CPU.ActiveCfg = SHA256 GitObjectIDs Debug|Any CPU
		{FD211EC4-3707-4036-87BC-4CA08EC19F07}.SHA256 GitObjectIDs Debug|Any CPU.Build.0 = SHA256 GitObjectIDs Debug|Any CPU
		{FD211EC4-3707-4036-87BC-4CA08EC19F07}.SHA256 GitObjectIDs Release|Any CPU.ActiveCfg = SHA256 GitObjectIDs Release|Any CPU
		{FD211EC4-3707-4036-87BC-4CA08EC19F07}.SHA256 GitObjectIDs Release|Any CPU.Build.0 = SHA256 GitObjectIDs Release|Any CPU
		{FF68C579-DE10-4AE3-B059-00F8294516B2}.Debug|Any CPU.ActiveCfg = Debug|Any CPU
		{FF68C579-DE10-4AE3-B059-00F8294516B2}.Debug|Any CPU.Build.0 = Debug|Any CPU
		{FF68C579-DE10-4AE3-B059-00F8294516B2}.Release|Any CPU.ActiveCfg = Release|Any CPU
		{FF68C579-DE10-4AE3-B059-00F8294516B2}.Release|Any CPU.Build.0 = Release|Any CPU
		{FF68C579-DE10-4AE3-B059-00F8294516B2}.SHA256 GitObjectIDs Debug|Any CPU.ActiveCfg = SHA256 GitObjectIDs Debug|Any CPU
		{FF68C579-DE10-4AE3-B059-00F8294516B2}.SHA256 GitObjectIDs Debug|Any CPU.Build.0 = SHA256 GitObjectIDs Debug|Any CPU
		{FF68C579-DE10-4AE3-B059-00F8294516B2}.SHA256 GitObjectIDs Release|Any CPU.ActiveCfg = SHA256 GitObjectIDs Release|Any CPU
		{FF68C579-DE10-4AE3-B059-00F8294516B2}.SHA256 GitObjectIDs Release|Any CPU.Build.0 = SHA256 GitObjectIDs Release|Any CPU
		{640EF4D3-5228-4A3D-9C15-3DEB94C5184F}.Debug|Any CPU.ActiveCfg = Debug|Any CPU
		{640EF4D3-5228-4A3D-9C15-3DEB94C5184F}.Debug|Any CPU.Build.0 = Debug|Any CPU
		{640EF4D3-5228-4A3D-9C15-3DEB94C5184F}.Release|Any CPU.ActiveCfg = Release|Any CPU
		{640EF4D3-5228-4A3D-9C15-3DEB94C5184F}.Release|Any CPU.Build.0 = Release|Any CPU
		{640EF4D3-5228-4A3D-9C15-3DEB94C5184F}.SHA256 GitObjectIDs Debug|Any CPU.ActiveCfg = Debug|Any CPU
		{640EF4D3-5228-4A3D-9C15-3DEB94C5184F}.SHA256 GitObjectIDs Debug|Any CPU.Build.0 = Debug|Any CPU
		{640EF4D3-5228-4A3D-9C15-3DEB94C5184F}.SHA256 GitObjectIDs Release|Any CPU.ActiveCfg = Debug|Any CPU
		{640EF4D3-5228-4A3D-9C15-3DEB94C5184F}.SHA256 GitObjectIDs Release|Any CPU.Build.0 = Debug|Any CPU
		{1D3FC712-DFA4-4B8B-B22F-D45BF055683F}.Debug|Any CPU.ActiveCfg = Debug|Any CPU
		{1D3FC712-DFA4-4B8B-B22F-D45BF055683F}.Debug|Any CPU.Build.0 = Debug|Any CPU
		{1D3FC712-DFA4-4B8B-B22F-D45BF055683F}.Release|Any CPU.ActiveCfg = Release|Any CPU
		{1D3FC712-DFA4-4B8B-B22F-D45BF055683F}.Release|Any CPU.Build.0 = Release|Any CPU
		{1D3FC712-DFA4-4B8B-B22F-D45BF055683F}.SHA256 GitObjectIDs Debug|Any CPU.ActiveCfg = Debug|Any CPU
		{1D3FC712-DFA4-4B8B-B22F-D45BF055683F}.SHA256 GitObjectIDs Debug|Any CPU.Build.0 = Debug|Any CPU
		{1D3FC712-DFA4-4B8B-B22F-D45BF055683F}.SHA256 GitObjectIDs Release|Any CPU.ActiveCfg = Debug|Any CPU
		{1D3FC712-DFA4-4B8B-B22F-D45BF055683F}.SHA256 GitObjectIDs Release|Any CPU.Build.0 = Debug|Any CPU
	EndGlobalSection
	GlobalSection(SolutionProperties) = preSolution
		HideSolutionNode = FALSE
	EndGlobalSection
	GlobalSection(ExtensibilityGlobals) = postSolution
		SolutionGuid = {8998ED83-637C-430A-A4E6-97313A4C8E05}
	EndGlobalSection
EndGlobal
